
Microsoft Visual Studio Solution File, Format Version 12.00
# Visual Studio Version 17
VisualStudioVersion = 17.4.33213.308
MinimumVisualStudioVersion = 10.0.40219.1
Project("{FAE04EC0-301F-11D3-BF4B-00C04F79EFBC}") = "tEST bd", "tEST bd\tEST bd.csproj", "{894C95F9-9DF0-4BF8-AD6F-FF91F6345EB7}"
EndProject
Global
	GlobalSection(SolutionConfigurationPlatforms) = preSolution
		Debug|Any CPU = Debug|Any CPU
		Release|Any CPU = Release|Any CPU
	EndGlobalSection
	GlobalSection(ProjectConfigurationPlatforms) = postSolution
		{894C95F9-9DF0-4BF8-AD6F-FF91F6345EB7}.Debug|Any CPU.ActiveCfg = Debug|Any CPU
		{894C95F9-9DF0-4BF8-AD6F-FF91F6345EB7}.Debug|Any CPU.Build.0 = Debug|Any CPU
		{894C95F9-9DF0-4BF8-AD6F-FF91F6345EB7}.Release|Any CPU.ActiveCfg = Release|Any CPU
		{894C95F9-9DF0-4BF8-AD6F-FF91F6345EB7}.Release|Any CPU.Build.0 = Release|Any CPU
	EndGlobalSection
	GlobalSection(SolutionProperties) = preSolution
		HideSolutionNode = FALSE
	EndGlobalSection
	GlobalSection(ExtensibilityGlobals) = postSolution
		SolutionGuid = {0FCA9CA9-02B5-4E85-982A-7C16D21A589E}
	EndGlobalSection
EndGlobal
